// !$*UTF8*$!
{
	archiveVersion = 1;
	classes = {
	};
	objectVersion = 46;
	objects = {

/* Begin PBXBuildFile section */
		C205086D1CBD481F0026AC7A /* TableViewController.m in Sources */ = {isa = PBXBuildFile; fileRef = C205086C1CBD481F0026AC7A /* TableViewController.m */; };
		C288A6581CC10AC900BC7B0C /* FourViewController.m in Sources */ = {isa = PBXBuildFile; fileRef = C288A6571CC10AC900BC7B0C /* FourViewController.m */; };
		C288A65B1CC10AD400BC7B0C /* FiveViewController.m in Sources */ = {isa = PBXBuildFile; fileRef = C288A65A1CC10AD400BC7B0C /* FiveViewController.m */; };
		C288A65E1CC10AE000BC7B0C /* SixViewController.m in Sources */ = {isa = PBXBuildFile; fileRef = C288A65D1CC10AE000BC7B0C /* SixViewController.m */; };
		C288A6611CC10AEE00BC7B0C /* SevenViewController.m in Sources */ = {isa = PBXBuildFile; fileRef = C288A6601CC10AEE00BC7B0C /* SevenViewController.m */; };
		C28D627C1CBDE305001D0518 /* oneViewController.m in Sources */ = {isa = PBXBuildFile; fileRef = C28D627B1CBDE305001D0518 /* oneViewController.m */; };
		C28D627F1CBDE318001D0518 /* twoViewController.m in Sources */ = {isa = PBXBuildFile; fileRef = C28D627E1CBDE318001D0518 /* twoViewController.m */; };
		C28D62821CBDE327001D0518 /* threeViewController.m in Sources */ = {isa = PBXBuildFile; fileRef = C28D62811CBDE327001D0518 /* threeViewController.m */; };
		C28FABAC1CBCE873007FB54C /* NSObject+Item.m in Sources */ = {isa = PBXBuildFile; fileRef = C28FABAB1CBCE873007FB54C /* NSObject+Item.m */; };
		C28FABAF1CBCEB82007FB54C /* HGUser.m in Sources */ = {isa = PBXBuildFile; fileRef = C28FABAE1CBCEB82007FB54C /* HGUser.m */; };
		C2BEFF991CC2323F0047CA1F /* Person.m in Sources */ = {isa = PBXBuildFile; fileRef = C2BEFF981CC2323F0047CA1F /* Person.m */; };
		C2BEFF9C1CC23EB70047CA1F /* Tool.m in Sources */ = {isa = PBXBuildFile; fileRef = C2BEFF9B1CC23EB70047CA1F /* Tool.m */; };
		C2BEFF9F1CC256F90047CA1F /* UIButton+count.m in Sources */ = {isa = PBXBuildFile; fileRef = C2BEFF9E1CC256F90047CA1F /* UIButton+count.m */; };
		C2DEA9981CBBB8970024C7F7 /* main.m in Sources */ = {isa = PBXBuildFile; fileRef = C2DEA9971CBBB8970024C7F7 /* main.m */; };
		C2DEA99B1CBBB8970024C7F7 /* AppDelegate.m in Sources */ = {isa = PBXBuildFile; fileRef = C2DEA99A1CBBB8970024C7F7 /* AppDelegate.m */; };
		C2DEA99E1CBBB8970024C7F7 /* ViewController.m in Sources */ = {isa = PBXBuildFile; fileRef = C2DEA99D1CBBB8970024C7F7 /* ViewController.m */; };
		C2DEA9A11CBBB8970024C7F7 /* Main.storyboard in Resources */ = {isa = PBXBuildFile; fileRef = C2DEA99F1CBBB8970024C7F7 /* Main.storyboard */; };
		C2DEA9A31CBBB8970024C7F7 /* Assets.xcassets in Resources */ = {isa = PBXBuildFile; fileRef = C2DEA9A21CBBB8970024C7F7 /* Assets.xcassets */; };
		C2DEA9A61CBBB8970024C7F7 /* LaunchScreen.storyboard in Resources */ = {isa = PBXBuildFile; fileRef = C2DEA9A41CBBB8970024C7F7 /* LaunchScreen.storyboard */; };
		C2DEA9AF1CBBB96C0024C7F7 /* Movie.m in Sources */ = {isa = PBXBuildFile; fileRef = C2DEA9AE1CBBB96C0024C7F7 /* Movie.m */; };
/* End PBXBuildFile section */

/* Begin PBXFileReference section */
		C205086B1CBD481F0026AC7A /* TableViewController.h */ = {isa = PBXFileReference; fileEncoding = 4; lastKnownFileType = sourcecode.c.h; path = TableViewController.h; sourceTree = "<group>"; };
		C205086C1CBD481F0026AC7A /* TableViewController.m */ = {isa = PBXFileReference; fileEncoding = 4; lastKnownFileType = sourcecode.c.objc; path = TableViewController.m; sourceTree = "<group>"; };
		C288A6561CC10AC900BC7B0C /* FourViewController.h */ = {isa = PBXFileReference; fileEncoding = 4; lastKnownFileType = sourcecode.c.h; path = FourViewController.h; sourceTree = "<group>"; };
		C288A6571CC10AC900BC7B0C /* FourViewController.m */ = {isa = PBXFileReference; fileEncoding = 4; lastKnownFileType = sourcecode.c.objc; path = FourViewController.m; sourceTree = "<group>"; };
		C288A6591CC10AD400BC7B0C /* FiveViewController.h */ = {isa = PBXFileReference; fileEncoding = 4; lastKnownFileType = sourcecode.c.h; path = FiveViewController.h; sourceTree = "<group>"; };
		C288A65A1CC10AD400BC7B0C /* FiveViewController.m */ = {isa = PBXFileReference; fileEncoding = 4; lastKnownFileType = sourcecode.c.objc; path = FiveViewController.m; sourceTree = "<group>"; };
		C288A65C1CC10AE000BC7B0C /* SixViewController.h */ = {isa = PBXFileReference; fileEncoding = 4; lastKnownFileType = sourcecode.c.h; path = SixViewController.h; sourceTree = "<group>"; };
		C288A65D1CC10AE000BC7B0C /* SixViewController.m */ = {isa = PBXFileReference; fileEncoding = 4; lastKnownFileType = sourcecode.c.objc; path = SixViewController.m; sourceTree = "<group>"; };
		C288A65F1CC10AEE00BC7B0C /* SevenViewController.h */ = {isa = PBXFileReference; fileEncoding = 4; lastKnownFileType = sourcecode.c.h; path = SevenViewController.h; sourceTree = "<group>"; };
		C288A6601CC10AEE00BC7B0C /* SevenViewController.m */ = {isa = PBXFileReference; fileEncoding = 4; lastKnownFileType = sourcecode.c.objc; path = SevenViewController.m; sourceTree = "<group>"; };
		C28D627A1CBDE305001D0518 /* oneViewController.h */ = {isa = PBXFileReference; fileEncoding = 4; lastKnownFileType = sourcecode.c.h; path = oneViewController.h; sourceTree = "<group>"; };
		C28D627B1CBDE305001D0518 /* oneViewController.m */ = {isa = PBXFileReference; fileEncoding = 4; lastKnownFileType = sourcecode.c.objc; path = oneViewController.m; sourceTree = "<group>"; };
		C28D627D1CBDE318001D0518 /* twoViewController.h */ = {isa = PBXFileReference; fileEncoding = 4; lastKnownFileType = sourcecode.c.h; path = twoViewController.h; sourceTree = "<group>"; };
		C28D627E1CBDE318001D0518 /* twoViewController.m */ = {isa = PBXFileReference; fileEncoding = 4; lastKnownFileType = sourcecode.c.objc; path = twoViewController.m; sourceTree = "<group>"; };
		C28D62801CBDE327001D0518 /* threeViewController.h */ = {isa = PBXFileReference; fileEncoding = 4; lastKnownFileType = sourcecode.c.h; path = threeViewController.h; sourceTree = "<group>"; };
		C28D62811CBDE327001D0518 /* threeViewController.m */ = {isa = PBXFileReference; fileEncoding = 4; lastKnownFileType = sourcecode.c.objc; path = threeViewController.m; sourceTree = "<group>"; };
		C28FABAA1CBCE873007FB54C /* NSObject+Item.h */ = {isa = PBXFileReference; fileEncoding = 4; lastKnownFileType = sourcecode.c.h; path = "NSObject+Item.h"; sourceTree = "<group>"; };
		C28FABAB1CBCE873007FB54C /* NSObject+Item.m */ = {isa = PBXFileReference; fileEncoding = 4; lastKnownFileType = sourcecode.c.objc; path = "NSObject+Item.m"; sourceTree = "<group>"; };
		C28FABAD1CBCEB82007FB54C /* HGUser.h */ = {isa = PBXFileReference; fileEncoding = 4; lastKnownFileType = sourcecode.c.h; path = HGUser.h; sourceTree = "<group>"; };
		C28FABAE1CBCEB82007FB54C /* HGUser.m */ = {isa = PBXFileReference; fileEncoding = 4; lastKnownFileType = sourcecode.c.objc; path = HGUser.m; sourceTree = "<group>"; };
		C2BEFF971CC2323F0047CA1F /* Person.h */ = {isa = PBXFileReference; fileEncoding = 4; lastKnownFileType = sourcecode.c.h; path = Person.h; sourceTree = "<group>"; };
		C2BEFF981CC2323F0047CA1F /* Person.m */ = {isa = PBXFileReference; fileEncoding = 4; lastKnownFileType = sourcecode.c.objc; path = Person.m; sourceTree = "<group>"; };
		C2BEFF9A1CC23EB70047CA1F /* Tool.h */ = {isa = PBXFileReference; fileEncoding = 4; lastKnownFileType = sourcecode.c.h; path = Tool.h; sourceTree = "<group>"; };
		C2BEFF9B1CC23EB70047CA1F /* Tool.m */ = {isa = PBXFileReference; fileEncoding = 4; lastKnownFileType = sourcecode.c.objc; path = Tool.m; sourceTree = "<group>"; };
		C2BEFF9D1CC256F90047CA1F /* UIButton+count.h */ = {isa = PBXFileReference; fileEncoding = 4; lastKnownFileType = sourcecode.c.h; path = "UIButton+count.h"; sourceTree = "<group>"; };
		C2BEFF9E1CC256F90047CA1F /* UIButton+count.m */ = {isa = PBXFileReference; fileEncoding = 4; lastKnownFileType = sourcecode.c.objc; path = "UIButton+count.m"; sourceTree = "<group>"; };
		C2DEA9931CBBB8970024C7F7 /* runtime.app */ = {isa = PBXFileReference; explicitFileType = wrapper.application; includeInIndex = 0; path = runtime.app; sourceTree = BUILT_PRODUCTS_DIR; };
		C2DEA9971CBBB8970024C7F7 /* main.m */ = {isa = PBXFileReference; lastKnownFileType = sourcecode.c.objc; path = main.m; sourceTree = "<group>"; };
		C2DEA9991CBBB8970024C7F7 /* AppDelegate.h */ = {isa = PBXFileReference; lastKnownFileType = sourcecode.c.h; path = AppDelegate.h; sourceTree = "<group>"; };
		C2DEA99A1CBBB8970024C7F7 /* AppDelegate.m */ = {isa = PBXFileReference; lastKnownFileType = sourcecode.c.objc; path = AppDelegate.m; sourceTree = "<group>"; };
		C2DEA99C1CBBB8970024C7F7 /* ViewController.h */ = {isa = PBXFileReference; lastKnownFileType = sourcecode.c.h; path = ViewController.h; sourceTree = "<group>"; };
		C2DEA99D1CBBB8970024C7F7 /* ViewController.m */ = {isa = PBXFileReference; lastKnownFileType = sourcecode.c.objc; path = ViewController.m; sourceTree = "<group>"; };
		C2DEA9A01CBBB8970024C7F7 /* Base */ = {isa = PBXFileReference; lastKnownFileType = file.storyboard; name = Base; path = Base.lproj/Main.storyboard; sourceTree = "<group>"; };
		C2DEA9A21CBBB8970024C7F7 /* Assets.xcassets */ = {isa = PBXFileReference; lastKnownFileType = folder.assetcatalog; path = Assets.xcassets; sourceTree = "<group>"; };
		C2DEA9A51CBBB8970024C7F7 /* Base */ = {isa = PBXFileReference; lastKnownFileType = file.storyboard; name = Base; path = Base.lproj/LaunchScreen.storyboard; sourceTree = "<group>"; };
		C2DEA9A71CBBB8970024C7F7 /* Info.plist */ = {isa = PBXFileReference; lastKnownFileType = text.plist.xml; path = Info.plist; sourceTree = "<group>"; };
		C2DEA9AD1CBBB96C0024C7F7 /* Movie.h */ = {isa = PBXFileReference; fileEncoding = 4; lastKnownFileType = sourcecode.c.h; path = Movie.h; sourceTree = "<group>"; };
		C2DEA9AE1CBBB96C0024C7F7 /* Movie.m */ = {isa = PBXFileReference; fileEncoding = 4; lastKnownFileType = sourcecode.c.objc; path = Movie.m; sourceTree = "<group>"; };
/* End PBXFileReference section */

/* Begin PBXFrameworksBuildPhase section */
		C2DEA9901CBBB8970024C7F7 /* Frameworks */ = {
			isa = PBXFrameworksBuildPhase;
			buildActionMask = 2147483647;
			files = (
			);
			runOnlyForDeploymentPostprocessing = 0;
		};
/* End PBXFrameworksBuildPhase section */

/* Begin PBXGroup section */
		C20508681CBD47D80026AC7A /* model */ = {
			isa = PBXGroup;
			children = (
				C2DEA9AD1CBBB96C0024C7F7 /* Movie.h */,
				C2DEA9AE1CBBB96C0024C7F7 /* Movie.m */,
				C2BEFF971CC2323F0047CA1F /* Person.h */,
				C2BEFF981CC2323F0047CA1F /* Person.m */,
				C2BEFF9A1CC23EB70047CA1F /* Tool.h */,
				C2BEFF9B1CC23EB70047CA1F /* Tool.m */,
				C28FABAD1CBCEB82007FB54C /* HGUser.h */,
				C28FABAE1CBCEB82007FB54C /* HGUser.m */,
				C28FABAA1CBCE873007FB54C /* NSObject+Item.h */,
				C28FABAB1CBCE873007FB54C /* NSObject+Item.m */,
				C2BEFF9D1CC256F90047CA1F /* UIButton+count.h */,
				C2BEFF9E1CC256F90047CA1F /* UIButton+count.m */,
			);
			name = model;
			sourceTree = "<group>";
		};
		C205086A1CBD47EA0026AC7A /* controllers */ = {
			isa = PBXGroup;
			children = (
				C205086B1CBD481F0026AC7A /* TableViewController.h */,
				C205086C1CBD481F0026AC7A /* TableViewController.m */,
				C28D627A1CBDE305001D0518 /* oneViewController.h */,
				C28D627B1CBDE305001D0518 /* oneViewController.m */,
				C28D627D1CBDE318001D0518 /* twoViewController.h */,
				C28D627E1CBDE318001D0518 /* twoViewController.m */,
				C28D62801CBDE327001D0518 /* threeViewController.h */,
				C28D62811CBDE327001D0518 /* threeViewController.m */,
				C288A6561CC10AC900BC7B0C /* FourViewController.h */,
				C288A6571CC10AC900BC7B0C /* FourViewController.m */,
				C288A6591CC10AD400BC7B0C /* FiveViewController.h */,
				C288A65A1CC10AD400BC7B0C /* FiveViewController.m */,
				C288A65C1CC10AE000BC7B0C /* SixViewController.h */,
				C288A65D1CC10AE000BC7B0C /* SixViewController.m */,
				C288A65F1CC10AEE00BC7B0C /* SevenViewController.h */,
				C288A6601CC10AEE00BC7B0C /* SevenViewController.m */,
			);
			name = controllers;
			sourceTree = "<group>";
		};
		C2DEA98A1CBBB8970024C7F7 = {
			isa = PBXGroup;
			children = (
				C2DEA9951CBBB8970024C7F7 /* runtime */,
				C2DEA9941CBBB8970024C7F7 /* Products */,
			);
			sourceTree = "<group>";
		};
		C2DEA9941CBBB8970024C7F7 /* Products */ = {
			isa = PBXGroup;
			children = (
				C2DEA9931CBBB8970024C7F7 /* runtime.app */,
			);
			name = Products;
			sourceTree = "<group>";
		};
		C2DEA9951CBBB8970024C7F7 /* runtime */ = {
			isa = PBXGroup;
			children = (
				C2DEA9991CBBB8970024C7F7 /* AppDelegate.h */,
				C2DEA99A1CBBB8970024C7F7 /* AppDelegate.m */,
				C2DEA99C1CBBB8970024C7F7 /* ViewController.h */,
				C2DEA99D1CBBB8970024C7F7 /* ViewController.m */,
				C205086A1CBD47EA0026AC7A /* controllers */,
				C20508681CBD47D80026AC7A /* model */,
				C2DEA99F1CBBB8970024C7F7 /* Main.storyboard */,
				C2DEA9A21CBBB8970024C7F7 /* Assets.xcassets */,
				C2DEA9A41CBBB8970024C7F7 /* LaunchScreen.storyboard */,
				C2DEA9A71CBBB8970024C7F7 /* Info.plist */,
				C2DEA9961CBBB8970024C7F7 /* Supporting Files */,
			);
			path = runtime;
			sourceTree = "<group>";
		};
		C2DEA9961CBBB8970024C7F7 /* Supporting Files */ = {
			isa = PBXGroup;
			children = (
				C2DEA9971CBBB8970024C7F7 /* main.m */,
			);
			name = "Supporting Files";
			sourceTree = "<group>";
		};
/* End PBXGroup section */

/* Begin PBXNativeTarget section */
		C2DEA9921CBBB8970024C7F7 /* runtime */ = {
			isa = PBXNativeTarget;
			buildConfigurationList = C2DEA9AA1CBBB8970024C7F7 /* Build configuration list for PBXNativeTarget "runtime" */;
			buildPhases = (
				C2DEA98F1CBBB8970024C7F7 /* Sources */,
				C2DEA9901CBBB8970024C7F7 /* Frameworks */,
				C2DEA9911CBBB8970024C7F7 /* Resources */,
			);
			buildRules = (
			);
			dependencies = (
			);
			name = runtime;
			productName = runtime;
			productReference = C2DEA9931CBBB8970024C7F7 /* runtime.app */;
			productType = "com.apple.product-type.application";
		};
/* End PBXNativeTarget section */

/* Begin PBXProject section */
		C2DEA98B1CBBB8970024C7F7 /* Project object */ = {
			isa = PBXProject;
			attributes = {
				LastUpgradeCheck = 0730;
				ORGANIZATIONNAME = SF;
				TargetAttributes = {
					C2DEA9921CBBB8970024C7F7 = {
						CreatedOnToolsVersion = 7.3;
					};
				};
			};
			buildConfigurationList = C2DEA98E1CBBB8970024C7F7 /* Build configuration list for PBXProject "runtime" */;
			compatibilityVersion = "Xcode 3.2";
			developmentRegion = English;
			hasScannedForEncodings = 0;
			knownRegions = (
				en,
				Base,
			);
			mainGroup = C2DEA98A1CBBB8970024C7F7;
			productRefGroup = C2DEA9941CBBB8970024C7F7 /* Products */;
			projectDirPath = "";
			projectRoot = "";
			targets = (
				C2DEA9921CBBB8970024C7F7 /* runtime */,
			);
		};
/* End PBXProject section */

/* Begin PBXResourcesBuildPhase section */
		C2DEA9911CBBB8970024C7F7 /* Resources */ = {
			isa = PBXResourcesBuildPhase;
			buildActionMask = 2147483647;
			files = (
				C2DEA9A61CBBB8970024C7F7 /* LaunchScreen.storyboard in Resources */,
				C2DEA9A31CBBB8970024C7F7 /* Assets.xcassets in Resources */,
				C2DEA9A11CBBB8970024C7F7 /* Main.storyboard in Resources */,
			);
			runOnlyForDeploymentPostprocessing = 0;
		};
/* End PBXResourcesBuildPhase section */

/* Begin PBXSourcesBuildPhase section */
		C2DEA98F1CBBB8970024C7F7 /* Sources */ = {
			isa = PBXSourcesBuildPhase;
			buildActionMask = 2147483647;
			files = (
				C288A65B1CC10AD400BC7B0C /* FiveViewController.m in Sources */,
				C2DEA99E1CBBB8970024C7F7 /* ViewController.m in Sources */,
				C28FABAF1CBCEB82007FB54C /* HGUser.m in Sources */,
				C28D627F1CBDE318001D0518 /* twoViewController.m in Sources */,
				C2BEFF9F1CC256F90047CA1F /* UIButton+count.m in Sources */,
				C2DEA99B1CBBB8970024C7F7 /* AppDelegate.m in Sources */,
				C288A65E1CC10AE000BC7B0C /* SixViewController.m in Sources */,
				C288A6611CC10AEE00BC7B0C /* SevenViewController.m in Sources */,
				C28FABAC1CBCE873007FB54C /* NSObject+Item.m in Sources */,
				C2DEA9AF1CBBB96C0024C7F7 /* Movie.m in Sources */,
				C205086D1CBD481F0026AC7A /* TableViewController.m in Sources */,
				C28D62821CBDE327001D0518 /* threeViewController.m in Sources */,
				C2DEA9981CBBB8970024C7F7 /* main.m in Sources */,
				C2BEFF991CC2323F0047CA1F /* Person.m in Sources */,
				C288A6581CC10AC900BC7B0C /* FourViewController.m in Sources */,
				C28D627C1CBDE305001D0518 /* oneViewController.m in Sources */,
				C2BEFF9C1CC23EB70047CA1F /* Tool.m in Sources */,
			);
			runOnlyForDeploymentPostprocessing = 0;
		};
/* End PBXSourcesBuildPhase section */

/* Begin PBXVariantGroup section */
		C2DEA99F1CBBB8970024C7F7 /* Main.storyboard */ = {
			isa = PBXVariantGroup;
			children = (
				C2DEA9A01CBBB8970024C7F7 /* Base */,
			);
			name = Main.storyboard;
			sourceTree = "<group>";
		};
		C2DEA9A41CBBB8970024C7F7 /* LaunchScreen.storyboard */ = {
			isa = PBXVariantGroup;
			children = (
				C2DEA9A51CBBB8970024C7F7 /* Base */,
			);
			name = LaunchScreen.storyboard;
			sourceTree = "<group>";
		};
/* End PBXVariantGroup section */

/* Begin XCBuildConfiguration section */
		C2DEA9A81CBBB8970024C7F7 /* Debug */ = {
			isa = XCBuildConfiguration;
			buildSettings = {
				ALWAYS_SEARCH_USER_PATHS = NO;
				CLANG_ANALYZER_NONNULL = YES;
				CLANG_CXX_LANGUAGE_STANDARD = "gnu++0x";
				CLANG_CXX_LIBRARY = "libc++";
				CLANG_ENABLE_MODULES = YES;
				CLANG_ENABLE_OBJC_ARC = YES;
				CLANG_WARN_BOOL_CONVERSION = YES;
				CLANG_WARN_CONSTANT_CONVERSION = YES;
				CLANG_WARN_DIRECT_OBJC_ISA_USAGE = YES_ERROR;
				CLANG_WARN_EMPTY_BODY = YES;
				CLANG_WARN_ENUM_CONVERSION = YES;
				CLANG_WARN_INT_CONVERSION = YES;
				CLANG_WARN_OBJC_ROOT_CLASS = YES_ERROR;
				CLANG_WARN_UNREACHABLE_CODE = YES;
				CLANG_WARN__DUPLICATE_METHOD_MATCH = YES;
				"CODE_SIGN_IDENTITY[sdk=iphoneos*]" = "iPhone Developer";
				COPY_PHASE_STRIP = NO;
				DEBUG_INFORMATION_FORMAT = dwarf;
				ENABLE_STRICT_OBJC_MSGSEND = YES;
				ENABLE_TESTABILITY = YES;
				GCC_C_LANGUAGE_STANDARD = gnu99;
				GCC_DYNAMIC_NO_PIC = NO;
				GCC_NO_COMMON_BLOCKS = YES;
				GCC_OPTIMIZATION_LEVEL = 0;
				GCC_PREPROCESSOR_DEFINITIONS = (
					"DEBUG=1",
					"$(inherited)",
				);
				GCC_WARN_64_TO_32_BIT_CONVERSION = YES;
				GCC_WARN_ABOUT_RETURN_TYPE = YES_ERROR;
				GCC_WARN_UNDECLARED_SELECTOR = YES;
				GCC_WARN_UNINITIALIZED_AUTOS = YES_AGGRESSIVE;
				GCC_WARN_UNUSED_FUNCTION = YES;
				GCC_WARN_UNUSED_VARIABLE = YES;
				IPHONEOS_DEPLOYMENT_TARGET = 9.3;
				MTL_ENABLE_DEBUG_INFO = YES;
				ONLY_ACTIVE_ARCH = YES;
				SDKROOT = iphoneos;
			};
			name = Debug;
		};
		C2DEA9A91CBBB8970024C7F7 /* Release */ = {
			isa = XCBuildConfiguration;
			buildSettings = {
				ALWAYS_SEARCH_USER_PATHS = NO;
				CLANG_ANALYZER_NONNULL = YES;
				CLANG_CXX_LANGUAGE_STANDARD = "gnu++0x";
				CLANG_CXX_LIBRARY = "libc++";
				CLANG_ENABLE_MODULES = YES;
				CLANG_ENABLE_OBJC_ARC = YES;
				CLANG_WARN_BOOL_CONVERSION = YES;
				CLANG_WARN_CONSTANT_CONVERSION = YES;
				CLANG_WARN_DIRECT_OBJC_ISA_USAGE = YES_ERROR;
				CLANG_WARN_EMPTY_BODY = YES;
				CLANG_WARN_ENUM_CONVERSION = YES;
				CLANG_WARN_INT_CONVERSION = YES;
				CLANG_WARN_OBJC_ROOT_CLASS = YES_ERROR;
				CLANG_WARN_UNREACHABLE_CODE = YES;
				CLANG_WARN__DUPLICATE_METHOD_MATCH = YES;
				"CODE_SIGN_IDENTITY[sdk=iphoneos*]" = "iPhone Developer";
				COPY_PHASE_STRIP = NO;
				DEBUG_INFORMATION_FORMAT = "dwarf-with-dsym";
				ENABLE_NS_ASSERTIONS = NO;
				ENABLE_STRICT_OBJC_MSGSEND = YES;
				GCC_C_LANGUAGE_STANDARD = gnu99;
				GCC_NO_COMMON_BLOCKS = YES;
				GCC_WARN_64_TO_32_BIT_CONVERSION = YES;
				GCC_WARN_ABOUT_RETURN_TYPE = YES_ERROR;
				GCC_WARN_UNDECLARED_SELECTOR = YES;
				GCC_WARN_UNINITIALIZED_AUTOS = YES_AGGRESSIVE;
				GCC_WARN_UNUSED_FUNCTION = YES;
				GCC_WARN_UNUSED_VARIABLE = YES;
				IPHONEOS_DEPLOYMENT_TARGET = 9.3;
				MTL_ENABLE_DEBUG_INFO = NO;
				SDKROOT = iphoneos;
				VALIDATE_PRODUCT = YES;
			};
			name = Release;
		};
		C2DEA9AB1CBBB8970024C7F7 /* Debug */ = {
			isa = XCBuildConfiguration;
			buildSettings = {
				ASSETCATALOG_COMPILER_APPICON_NAME = AppIcon;
				INFOPLIST_FILE = runtime/Info.plist;
				IPHONEOS_DEPLOYMENT_TARGET = 8.4;
				LD_RUNPATH_SEARCH_PATHS = "$(inherited) @executable_path/Frameworks";
				PRODUCT_BUNDLE_IDENTIFIER = com.suifeng.runtime;
				PRODUCT_NAME = "$(TARGET_NAME)";
			};
			name = Debug;
		};
		C2DEA9AC1CBBB8970024C7F7 /* Release */ = {
			isa = XCBuildConfiguration;
			buildSettings = {
				ASSETCATALOG_COMPILER_APPICON_NAME = AppIcon;
				INFOPLIST_FILE = runtime/Info.plist;
				IPHONEOS_DEPLOYMENT_TARGET = 8.4;
				LD_RUNPATH_SEARCH_PATHS = "$(inherited) @executable_path/Frameworks";
				PRODUCT_BUNDLE_IDENTIFIER = com.suifeng.runtime;
				PRODUCT_NAME = "$(TARGET_NAME)";
			};
			name = Release;
		};
/* End XCBuildConfiguration section */

/* Begin XCConfigurationList section */
		C2DEA98E1CBBB8970024C7F7 /* Build configuration list for PBXProject "runtime" */ = {
			isa = XCConfigurationList;
			buildConfigurations = (
				C2DEA9A81CBBB8970024C7F7 /* Debug */,
				C2DEA9A91CBBB8970024C7F7 /* Release */,
			);
			defaultConfigurationIsVisible = 0;
			defaultConfigurationName = Release;
		};
		C2DEA9AA1CBBB8970024C7F7 /* Build configuration list for PBXNativeTarget "runtime" */ = {
			isa = XCConfigurationList;
			buildConfigurations = (
				C2DEA9AB1CBBB8970024C7F7 /* Debug */,
				C2DEA9AC1CBBB8970024C7F7 /* Release */,
			);
			defaultConfigurationIsVisible = 0;
			defaultConfigurationName = Release;
		};
/* End XCConfigurationList section */
	};
	rootObject = C2DEA98B1CBBB8970024C7F7 /* Project object */;
}
